
Microsoft Visual Studio Solution File, Format Version 12.00
# Visual Studio Version 17
VisualStudioVersion = 17.6.33829.357
MinimumVisualStudioVersion = 10.0.40219.1
Project("{FAE04EC0-301F-11D3-BF4B-00C04F79EFBC}") = "TCalendar", "TCalendar\TCalendar.csproj", "{E8141A8A-CA33-4926-9659-1B416AD7BA04}"
EndProject
Global
	GlobalSection(SolutionConfigurationPlatforms) = preSolution
		Debug|Any CPU = Debug|Any CPU
		Release|Any CPU = Release|Any CPU
	EndGlobalSection
	GlobalSection(ProjectConfigurationPlatforms) = postSolution
		{E8141A8A-CA33-4926-9659-1B416AD7BA04}.Debug|Any CPU.ActiveCfg = Debug|Any CPU
		{E8141A8A-CA33-4926-9659-1B416AD7BA04}.Debug|Any CPU.Build.0 = Debug|Any CPU
		{E8141A8A-CA33-4926-9659-1B416AD7BA04}.Release|Any CPU.ActiveCfg = Release|Any CPU
		{E8141A8A-CA33-4926-9659-1B416AD7BA04}.Release|Any CPU.Build.0 = Release|Any CPU
	EndGlobalSection
	GlobalSection(SolutionProperties) = preSolution
		HideSolutionNode = FALSE
	EndGlobalSection
	GlobalSection(ExtensibilityGlobals) = postSolution
		SolutionGuid = {9FE67486-3B7F-4C14-9DD2-772A27A18C10}
	EndGlobalSection
EndGlobal
